
Microsoft Visual Studio Solution File, Format Version 12.00
# Visual Studio Version 17
VisualStudioVersion = 17.9.34902.65
MinimumVisualStudioVersion = 10.0.40219.1
Project("{2150E333-8FDC-42A3-9474-1A3956D46DE8}") = "Solution Items", "Solution Items", "{243B3F66-3F07-4445-8394-397F3BB25C1A}"
	ProjectSection(SolutionItems) = preProject
		global.json = global.json
	EndProjectSection
EndProject
Project("{9A19103F-16F7-4668-BE54-9A1E7A4F7556}") = "Terminal.Dashboard", "Terminal.Dashboard\Terminal.Dashboard.csproj", "{76AAFBFB-0635-4A28-BC82-27A0906D81B7}"
EndProject
Global
	GlobalSection(SolutionConfigurationPlatforms) = preSolution
		Debug|Any CPU = Debug|Any CPU
		Release|Any CPU = Release|Any CPU
	EndGlobalSection
	GlobalSection(ProjectConfigurationPlatforms) = postSolution
		{76AAFBFB-0635-4A28-BC82-27A0906D81B7}.Debug|Any CPU.ActiveCfg = Debug|Any CPU
		{76AAFBFB-0635-4A28-BC82-27A0906D81B7}.Debug|Any CPU.Build.0 = Debug|Any CPU
		{76AAFBFB-0635-4A28-BC82-27A0906D81B7}.Release|Any CPU.ActiveCfg = Release|Any CPU
		{76AAFBFB-0635-4A28-BC82-27A0906D81B7}.Release|Any CPU.Build.0 = Release|Any CPU
	EndGlobalSection
	GlobalSection(SolutionProperties) = preSolution
		HideSolutionNode = FALSE
	EndGlobalSection
	GlobalSection(ExtensibilityGlobals) = postSolution
		SolutionGuid = {BA72D729-7D8C-41F8-AAD3-4502D4FCC4BC}
	EndGlobalSection
EndGlobal
